
Microsoft Visual Studio Solution File, Format Version 12.00
# Visual Studio Version 16
VisualStudioVersion = 16.0.32002.261
MinimumVisualStudioVersion = 10.0.40219.1
Project("{FAE04EC0-301F-11D3-BF4B-00C04F79EFBC}") = "AllOfGravity2.0", "AllOfGravity2.0\AllOfGravity2.0.csproj", "{8CDCBE2B-9EEA-464A-9134-87C561F58E74}"
EndProject
Global
	GlobalSection(SolutionConfigurationPlatforms) = preSolution
		Debug|Any CPU = Debug|Any CPU
		Release|Any CPU = Release|Any CPU
	EndGlobalSection
	GlobalSection(ProjectConfigurationPlatforms) = postSolution
		{8CDCBE2B-9EEA-464A-9134-87C561F58E74}.Debug|Any CPU.ActiveCfg = Debug|Any CPU
		{8CDCBE2B-9EEA-464A-9134-87C561F58E74}.Debug|Any CPU.Build.0 = Debug|Any CPU
		{8CDCBE2B-9EEA-464A-9134-87C561F58E74}.Release|Any CPU.ActiveCfg = Release|Any CPU
		{8CDCBE2B-9EEA-464A-9134-87C561F58E74}.Release|Any CPU.Build.0 = Release|Any CPU
	EndGlobalSection
	GlobalSection(SolutionProperties) = preSolution
		HideSolutionNode = FALSE
	EndGlobalSection
	GlobalSection(ExtensibilityGlobals) = postSolution
		SolutionGuid = {BC37B976-72D7-4130-8C27-2F36ABE0FB8E}
	EndGlobalSection
EndGlobal
